// !$*UTF8*$!
{
	archiveVersion = 1;
	classes = {
	};
	objectVersion = 50;
	objects = {

/* Begin PBXBuildFile section */
		B7534B4023CE996300F841C9 /* TATitleLabel.swift in Sources */ = {isa = PBXBuildFile; fileRef = B7534B3F23CE996300F841C9 /* TATitleLabel.swift */; };
		B7534B4223CEA08000F841C9 /* TABodyLabel.swift in Sources */ = {isa = PBXBuildFile; fileRef = B7534B4123CEA08000F841C9 /* TABodyLabel.swift */; };
		B7534B4423CEA38A00F841C9 /* TAAlertVC.swift in Sources */ = {isa = PBXBuildFile; fileRef = B7534B4323CEA38A00F841C9 /* TAAlertVC.swift */; };
		B7534B4623CEABB800F841C9 /* UIViewController+Extension.swift in Sources */ = {isa = PBXBuildFile; fileRef = B7534B4523CEABB800F841C9 /* UIViewController+Extension.swift */; };
		B75F1E9D23CEB4BE00F37089 /* Follower.swift in Sources */ = {isa = PBXBuildFile; fileRef = B75F1E9C23CEB4BE00F37089 /* Follower.swift */; };
		B7EDC9E223CD465F0075EC19 /* AppDelegate.swift in Sources */ = {isa = PBXBuildFile; fileRef = B7EDC9E123CD465F0075EC19 /* AppDelegate.swift */; };
		B7EDC9E423CD465F0075EC19 /* SceneDelegate.swift in Sources */ = {isa = PBXBuildFile; fileRef = B7EDC9E323CD465F0075EC19 /* SceneDelegate.swift */; };
		B7EDC9EB23CD46620075EC19 /* Assets.xcassets in Resources */ = {isa = PBXBuildFile; fileRef = B7EDC9EA23CD46620075EC19 /* Assets.xcassets */; };
		B7EDC9EE23CD46620075EC19 /* LaunchScreen.storyboard in Resources */ = {isa = PBXBuildFile; fileRef = B7EDC9EC23CD46620075EC19 /* LaunchScreen.storyboard */; };
		B7EDC9F623CD512B0075EC19 /* SearchVC.swift in Sources */ = {isa = PBXBuildFile; fileRef = B7EDC9F523CD512B0075EC19 /* SearchVC.swift */; };
		B7EDC9F823CD516E0075EC19 /* FavoritesListVC.swift in Sources */ = {isa = PBXBuildFile; fileRef = B7EDC9F723CD516E0075EC19 /* FavoritesListVC.swift */; };
		B7EDC9FA23CD5E0F0075EC19 /* TAButton.swift in Sources */ = {isa = PBXBuildFile; fileRef = B7EDC9F923CD5E0F0075EC19 /* TAButton.swift */; };
		B7EDC9FC23CD619F0075EC19 /* TATextField.swift in Sources */ = {isa = PBXBuildFile; fileRef = B7EDC9FB23CD619F0075EC19 /* TATextField.swift */; };
		B7EDC9FE23CD7FED0075EC19 /* FollowerListVC.swift in Sources */ = {isa = PBXBuildFile; fileRef = B7EDC9FD23CD7FED0075EC19 /* FollowerListVC.swift */; };
/* End PBXBuildFile section */

/* Begin PBXFileReference section */
		B7534B3F23CE996300F841C9 /* TATitleLabel.swift */ = {isa = PBXFileReference; lastKnownFileType = sourcecode.swift; path = TATitleLabel.swift; sourceTree = "<group>"; };
		B7534B4123CEA08000F841C9 /* TABodyLabel.swift */ = {isa = PBXFileReference; lastKnownFileType = sourcecode.swift; path = TABodyLabel.swift; sourceTree = "<group>"; };
		B7534B4323CEA38A00F841C9 /* TAAlertVC.swift */ = {isa = PBXFileReference; lastKnownFileType = sourcecode.swift; path = TAAlertVC.swift; sourceTree = "<group>"; };
		B7534B4523CEABB800F841C9 /* UIViewController+Extension.swift */ = {isa = PBXFileReference; lastKnownFileType = sourcecode.swift; path = "UIViewController+Extension.swift"; sourceTree = "<group>"; };
		B75F1E9C23CEB4BE00F37089 /* Follower.swift */ = {isa = PBXFileReference; lastKnownFileType = sourcecode.swift; path = Follower.swift; sourceTree = "<group>"; };
		B7EDC9DE23CD465F0075EC19 /* GHFollowers.app */ = {isa = PBXFileReference; explicitFileType = wrapper.application; includeInIndex = 0; path = GHFollowers.app; sourceTree = BUILT_PRODUCTS_DIR; };
		B7EDC9E123CD465F0075EC19 /* AppDelegate.swift */ = {isa = PBXFileReference; lastKnownFileType = sourcecode.swift; path = AppDelegate.swift; sourceTree = "<group>"; };
		B7EDC9E323CD465F0075EC19 /* SceneDelegate.swift */ = {isa = PBXFileReference; lastKnownFileType = sourcecode.swift; path = SceneDelegate.swift; sourceTree = "<group>"; };
		B7EDC9EA23CD46620075EC19 /* Assets.xcassets */ = {isa = PBXFileReference; lastKnownFileType = folder.assetcatalog; path = Assets.xcassets; sourceTree = "<group>"; };
		B7EDC9ED23CD46620075EC19 /* Base */ = {isa = PBXFileReference; lastKnownFileType = file.storyboard; name = Base; path = Base.lproj/LaunchScreen.storyboard; sourceTree = "<group>"; };
		B7EDC9EF23CD46620075EC19 /* Info.plist */ = {isa = PBXFileReference; lastKnownFileType = text.plist.xml; path = Info.plist; sourceTree = "<group>"; };
		B7EDC9F523CD512B0075EC19 /* SearchVC.swift */ = {isa = PBXFileReference; lastKnownFileType = sourcecode.swift; path = SearchVC.swift; sourceTree = "<group>"; };
		B7EDC9F723CD516E0075EC19 /* FavoritesListVC.swift */ = {isa = PBXFileReference; lastKnownFileType = sourcecode.swift; path = FavoritesListVC.swift; sourceTree = "<group>"; };
		B7EDC9F923CD5E0F0075EC19 /* TAButton.swift */ = {isa = PBXFileReference; lastKnownFileType = sourcecode.swift; path = TAButton.swift; sourceTree = "<group>"; };
		B7EDC9FB23CD619F0075EC19 /* TATextField.swift */ = {isa = PBXFileReference; lastKnownFileType = sourcecode.swift; path = TATextField.swift; sourceTree = "<group>"; };
		B7EDC9FD23CD7FED0075EC19 /* FollowerListVC.swift */ = {isa = PBXFileReference; lastKnownFileType = sourcecode.swift; path = FollowerListVC.swift; sourceTree = "<group>"; };
/* End PBXFileReference section */

/* Begin PBXFrameworksBuildPhase section */
		B7EDC9DB23CD465F0075EC19 /* Frameworks */ = {
			isa = PBXFrameworksBuildPhase;
			buildActionMask = 2147483647;
			files = (
			);
			runOnlyForDeploymentPostprocessing = 0;
		};
/* End PBXFrameworksBuildPhase section */

/* Begin PBXGroup section */
		B7534B4823CEB0B300F841C9 /* View Controllers */ = {
			isa = PBXGroup;
			children = (
				B7EDC9F523CD512B0075EC19 /* SearchVC.swift */,
				B7EDC9F723CD516E0075EC19 /* FavoritesListVC.swift */,
				B7EDC9FD23CD7FED0075EC19 /* FollowerListVC.swift */,
			);
			path = "View Controllers";
			sourceTree = "<group>";
		};
		B7534B4923CEB0F600F841C9 /* Views */ = {
			isa = PBXGroup;
			children = (
				B7EDC9F923CD5E0F0075EC19 /* TAButton.swift */,
				B7EDC9FB23CD619F0075EC19 /* TATextField.swift */,
				B7534B3F23CE996300F841C9 /* TATitleLabel.swift */,
				B7534B4123CEA08000F841C9 /* TABodyLabel.swift */,
				B7534B4323CEA38A00F841C9 /* TAAlertVC.swift */,
			);
			path = Views;
			sourceTree = "<group>";
		};
		B7534B4A23CEB12900F841C9 /* Extensions */ = {
			isa = PBXGroup;
			children = (
				B7534B4523CEABB800F841C9 /* UIViewController+Extension.swift */,
			);
			path = Extensions;
			sourceTree = "<group>";
		};
		B7534B4B23CEB18500F841C9 /* Support */ = {
			isa = PBXGroup;
			children = (
				B7EDC9E123CD465F0075EC19 /* AppDelegate.swift */,
				B7EDC9E323CD465F0075EC19 /* SceneDelegate.swift */,
				B7EDC9EA23CD46620075EC19 /* Assets.xcassets */,
				B7EDC9EC23CD46620075EC19 /* LaunchScreen.storyboard */,
				B7EDC9EF23CD46620075EC19 /* Info.plist */,
			);
			path = Support;
			sourceTree = "<group>";
		};
		B75F1E9B23CEB4B200F37089 /* Model */ = {
			isa = PBXGroup;
			children = (
				B75F1E9C23CEB4BE00F37089 /* Follower.swift */,
			);
			path = Model;
			sourceTree = "<group>";
		};
		B7EDC9D523CD465F0075EC19 = {
			isa = PBXGroup;
			children = (
				B7EDC9E023CD465F0075EC19 /* GHFollowers */,
				B7EDC9DF23CD465F0075EC19 /* Products */,
			);
			sourceTree = "<group>";
		};
		B7EDC9DF23CD465F0075EC19 /* Products */ = {
			isa = PBXGroup;
			children = (
				B7EDC9DE23CD465F0075EC19 /* GHFollowers.app */,
			);
			name = Products;
			sourceTree = "<group>";
		};
		B7EDC9E023CD465F0075EC19 /* GHFollowers */ = {
			isa = PBXGroup;
			children = (
				B75F1E9B23CEB4B200F37089 /* Model */,
				B7534B4A23CEB12900F841C9 /* Extensions */,
				B7534B4923CEB0F600F841C9 /* Views */,
				B7534B4823CEB0B300F841C9 /* View Controllers */,
				B7534B4B23CEB18500F841C9 /* Support */,
			);
			path = GHFollowers;
			sourceTree = "<group>";
		};
/* End PBXGroup section */

/* Begin PBXNativeTarget section */
		B7EDC9DD23CD465F0075EC19 /* GHFollowers */ = {
			isa = PBXNativeTarget;
			buildConfigurationList = B7EDC9F223CD46620075EC19 /* Build configuration list for PBXNativeTarget "GHFollowers" */;
			buildPhases = (
				B7EDC9DA23CD465F0075EC19 /* Sources */,
				B7EDC9DB23CD465F0075EC19 /* Frameworks */,
				B7EDC9DC23CD465F0075EC19 /* Resources */,
			);
			buildRules = (
			);
			dependencies = (
			);
			name = GHFollowers;
			productName = GHFollowers;
			productReference = B7EDC9DE23CD465F0075EC19 /* GHFollowers.app */;
			productType = "com.apple.product-type.application";
		};
/* End PBXNativeTarget section */

/* Begin PBXProject section */
		B7EDC9D623CD465F0075EC19 /* Project object */ = {
			isa = PBXProject;
			attributes = {
				LastSwiftUpdateCheck = 1130;
				LastUpgradeCheck = 1130;
				ORGANIZATIONNAME = "Christopher Aronson";
				TargetAttributes = {
					B7EDC9DD23CD465F0075EC19 = {
						CreatedOnToolsVersion = 11.3.1;
					};
				};
			};
			buildConfigurationList = B7EDC9D923CD465F0075EC19 /* Build configuration list for PBXProject "GHFollowers" */;
			compatibilityVersion = "Xcode 9.3";
			developmentRegion = en;
			hasScannedForEncodings = 0;
			knownRegions = (
				en,
				Base,
			);
			mainGroup = B7EDC9D523CD465F0075EC19;
			productRefGroup = B7EDC9DF23CD465F0075EC19 /* Products */;
			projectDirPath = "";
			projectRoot = "";
			targets = (
				B7EDC9DD23CD465F0075EC19 /* GHFollowers */,
			);
		};
/* End PBXProject section */

/* Begin PBXResourcesBuildPhase section */
		B7EDC9DC23CD465F0075EC19 /* Resources */ = {
			isa = PBXResourcesBuildPhase;
			buildActionMask = 2147483647;
			files = (
				B7EDC9EE23CD46620075EC19 /* LaunchScreen.storyboard in Resources */,
				B7EDC9EB23CD46620075EC19 /* Assets.xcassets in Resources */,
			);
			runOnlyForDeploymentPostprocessing = 0;
		};
/* End PBXResourcesBuildPhase section */

/* Begin PBXSourcesBuildPhase section */
		B7EDC9DA23CD465F0075EC19 /* Sources */ = {
			isa = PBXSourcesBuildPhase;
			buildActionMask = 2147483647;
			files = (
				B7EDC9F823CD516E0075EC19 /* FavoritesListVC.swift in Sources */,
				B7534B4623CEABB800F841C9 /* UIViewController+Extension.swift in Sources */,
				B7EDC9F623CD512B0075EC19 /* SearchVC.swift in Sources */,
				B7EDC9FC23CD619F0075EC19 /* TATextField.swift in Sources */,
				B7534B4223CEA08000F841C9 /* TABodyLabel.swift in Sources */,
				B7EDC9E223CD465F0075EC19 /* AppDelegate.swift in Sources */,
				B7534B4023CE996300F841C9 /* TATitleLabel.swift in Sources */,
				B75F1E9D23CEB4BE00F37089 /* Follower.swift in Sources */,
				B7EDC9FE23CD7FED0075EC19 /* FollowerListVC.swift in Sources */,
				B7EDC9E423CD465F0075EC19 /* SceneDelegate.swift in Sources */,
				B7534B4423CEA38A00F841C9 /* TAAlertVC.swift in Sources */,
				B7EDC9FA23CD5E0F0075EC19 /* TAButton.swift in Sources */,
			);
			runOnlyForDeploymentPostprocessing = 0;
		};
/* End PBXSourcesBuildPhase section */

/* Begin PBXVariantGroup section */
		B7EDC9EC23CD46620075EC19 /* LaunchScreen.storyboard */ = {
			isa = PBXVariantGroup;
			children = (
				B7EDC9ED23CD46620075EC19 /* Base */,
			);
			name = LaunchScreen.storyboard;
			sourceTree = "<group>";
		};
/* End PBXVariantGroup section */

/* Begin XCBuildConfiguration section */
		B7EDC9F023CD46620075EC19 /* Debug */ = {
			isa = XCBuildConfiguration;
			buildSettings = {
				ALWAYS_SEARCH_USER_PATHS = NO;
				CLANG_ANALYZER_NONNULL = YES;
				CLANG_ANALYZER_NUMBER_OBJECT_CONVERSION = YES_AGGRESSIVE;
				CLANG_CXX_LANGUAGE_STANDARD = "gnu++14";
				CLANG_CXX_LIBRARY = "libc++";
				CLANG_ENABLE_MODULES = YES;
				CLANG_ENABLE_OBJC_ARC = YES;
				CLANG_ENABLE_OBJC_WEAK = YES;
				CLANG_WARN_BLOCK_CAPTURE_AUTORELEASING = YES;
				CLANG_WARN_BOOL_CONVERSION = YES;
				CLANG_WARN_COMMA = YES;
				CLANG_WARN_CONSTANT_CONVERSION = YES;
				CLANG_WARN_DEPRECATED_OBJC_IMPLEMENTATIONS = YES;
				CLANG_WARN_DIRECT_OBJC_ISA_USAGE = YES_ERROR;
				CLANG_WARN_DOCUMENTATION_COMMENTS = YES;
				CLANG_WARN_EMPTY_BODY = YES;
				CLANG_WARN_ENUM_CONVERSION = YES;
				CLANG_WARN_INFINITE_RECURSION = YES;
				CLANG_WARN_INT_CONVERSION = YES;
				CLANG_WARN_NON_LITERAL_NULL_CONVERSION = YES;
				CLANG_WARN_OBJC_IMPLICIT_RETAIN_SELF = YES;
				CLANG_WARN_OBJC_LITERAL_CONVERSION = YES;
				CLANG_WARN_OBJC_ROOT_CLASS = YES_ERROR;
				CLANG_WARN_RANGE_LOOP_ANALYSIS = YES;
				CLANG_WARN_STRICT_PROTOTYPES = YES;
				CLANG_WARN_SUSPICIOUS_MOVE = YES;
				CLANG_WARN_UNGUARDED_AVAILABILITY = YES_AGGRESSIVE;
				CLANG_WARN_UNREACHABLE_CODE = YES;
				CLANG_WARN__DUPLICATE_METHOD_MATCH = YES;
				COPY_PHASE_STRIP = NO;
				DEBUG_INFORMATION_FORMAT = dwarf;
				ENABLE_STRICT_OBJC_MSGSEND = YES;
				ENABLE_TESTABILITY = YES;
				GCC_C_LANGUAGE_STANDARD = gnu11;
				GCC_DYNAMIC_NO_PIC = NO;
				GCC_NO_COMMON_BLOCKS = YES;
				GCC_OPTIMIZATION_LEVEL = 0;
				GCC_PREPROCESSOR_DEFINITIONS = (
					"DEBUG=1",
					"$(inherited)",
				);
				GCC_WARN_64_TO_32_BIT_CONVERSION = YES;
				GCC_WARN_ABOUT_RETURN_TYPE = YES_ERROR;
				GCC_WARN_UNDECLARED_SELECTOR = YES;
				GCC_WARN_UNINITIALIZED_AUTOS = YES_AGGRESSIVE;
				GCC_WARN_UNUSED_FUNCTION = YES;
				GCC_WARN_UNUSED_VARIABLE = YES;
				IPHONEOS_DEPLOYMENT_TARGET = 13.2;
				MTL_ENABLE_DEBUG_INFO = INCLUDE_SOURCE;
				MTL_FAST_MATH = YES;
				ONLY_ACTIVE_ARCH = YES;
				SDKROOT = iphoneos;
				SWIFT_ACTIVE_COMPILATION_CONDITIONS = DEBUG;
				SWIFT_OPTIMIZATION_LEVEL = "-Onone";
			};
			name = Debug;
		};
		B7EDC9F123CD46620075EC19 /* Release */ = {
			isa = XCBuildConfiguration;
			buildSettings = {
				ALWAYS_SEARCH_USER_PATHS = NO;
				CLANG_ANALYZER_NONNULL = YES;
				CLANG_ANALYZER_NUMBER_OBJECT_CONVERSION = YES_AGGRESSIVE;
				CLANG_CXX_LANGUAGE_STANDARD = "gnu++14";
				CLANG_CXX_LIBRARY = "libc++";
				CLANG_ENABLE_MODULES = YES;
				CLANG_ENABLE_OBJC_ARC = YES;
				CLANG_ENABLE_OBJC_WEAK = YES;
				CLANG_WARN_BLOCK_CAPTURE_AUTORELEASING = YES;
				CLANG_WARN_BOOL_CONVERSION = YES;
				CLANG_WARN_COMMA = YES;
				CLANG_WARN_CONSTANT_CONVERSION = YES;
				CLANG_WARN_DEPRECATED_OBJC_IMPLEMENTATIONS = YES;
				CLANG_WARN_DIRECT_OBJC_ISA_USAGE = YES_ERROR;
				CLANG_WARN_DOCUMENTATION_COMMENTS = YES;
				CLANG_WARN_EMPTY_BODY = YES;
				CLANG_WARN_ENUM_CONVERSION = YES;
				CLANG_WARN_INFINITE_RECURSION = YES;
				CLANG_WARN_INT_CONVERSION = YES;
				CLANG_WARN_NON_LITERAL_NULL_CONVERSION = YES;
				CLANG_WARN_OBJC_IMPLICIT_RETAIN_SELF = YES;
				CLANG_WARN_OBJC_LITERAL_CONVERSION = YES;
				CLANG_WARN_OBJC_ROOT_CLASS = YES_ERROR;
				CLANG_WARN_RANGE_LOOP_ANALYSIS = YES;
				CLANG_WARN_STRICT_PROTOTYPES = YES;
				CLANG_WARN_SUSPICIOUS_MOVE = YES;
				CLANG_WARN_UNGUARDED_AVAILABILITY = YES_AGGRESSIVE;
				CLANG_WARN_UNREACHABLE_CODE = YES;
				CLANG_WARN__DUPLICATE_METHOD_MATCH = YES;
				COPY_PHASE_STRIP = NO;
				DEBUG_INFORMATION_FORMAT = "dwarf-with-dsym";
				ENABLE_NS_ASSERTIONS = NO;
				ENABLE_STRICT_OBJC_MSGSEND = YES;
				GCC_C_LANGUAGE_STANDARD = gnu11;
				GCC_NO_COMMON_BLOCKS = YES;
				GCC_WARN_64_TO_32_BIT_CONVERSION = YES;
				GCC_WARN_ABOUT_RETURN_TYPE = YES_ERROR;
				GCC_WARN_UNDECLARED_SELECTOR = YES;
				GCC_WARN_UNINITIALIZED_AUTOS = YES_AGGRESSIVE;
				GCC_WARN_UNUSED_FUNCTION = YES;
				GCC_WARN_UNUSED_VARIABLE = YES;
				IPHONEOS_DEPLOYMENT_TARGET = 13.2;
				MTL_ENABLE_DEBUG_INFO = NO;
				MTL_FAST_MATH = YES;
				SDKROOT = iphoneos;
				SWIFT_COMPILATION_MODE = wholemodule;
				SWIFT_OPTIMIZATION_LEVEL = "-O";
				VALIDATE_PRODUCT = YES;
			};
			name = Release;
		};
		B7EDC9F323CD46620075EC19 /* Debug */ = {
			isa = XCBuildConfiguration;
			buildSettings = {
				ASSETCATALOG_COMPILER_APPICON_NAME = AppIcon;
				CODE_SIGN_STYLE = Automatic;
				DEVELOPMENT_TEAM = 66AJPZAPLQ;
				INFOPLIST_FILE = "$(SRCROOT)/GHFollowers/Support/Info.plist";
				IPHONEOS_DEPLOYMENT_TARGET = 13.2;
				LD_RUNPATH_SEARCH_PATHS = (
					"$(inherited)",
					"@executable_path/Frameworks",
				);
				PRODUCT_BUNDLE_IDENTIFIER = io.christopheraronson.GHFollowers;
				PRODUCT_NAME = "$(TARGET_NAME)";
				SWIFT_VERSION = 5.0;
				TARGETED_DEVICE_FAMILY = 1;
			};
			name = Debug;
		};
		B7EDC9F423CD46620075EC19 /* Release */ = {
			isa = XCBuildConfiguration;
			buildSettings = {
				ASSETCATALOG_COMPILER_APPICON_NAME = AppIcon;
				CODE_SIGN_STYLE = Automatic;
				DEVELOPMENT_TEAM = 66AJPZAPLQ;
				INFOPLIST_FILE = "$(SRCROOT)/GHFollowers/Support/Info.plist";
				IPHONEOS_DEPLOYMENT_TARGET = 13.2;
				LD_RUNPATH_SEARCH_PATHS = (
					"$(inherited)",
					"@executable_path/Frameworks",
				);
				PRODUCT_BUNDLE_IDENTIFIER = io.christopheraronson.GHFollowers;
				PRODUCT_NAME = "$(TARGET_NAME)";
				SWIFT_VERSION = 5.0;
				TARGETED_DEVICE_FAMILY = 1;
			};
			name = Release;
		};
/* End XCBuildConfiguration section */

/* Begin XCConfigurationList section */
		B7EDC9D923CD465F0075EC19 /* Build configuration list for PBXProject "GHFollowers" */ = {
			isa = XCConfigurationList;
			buildConfigurations = (
				B7EDC9F023CD46620075EC19 /* Debug */,
				B7EDC9F123CD46620075EC19 /* Release */,
			);
			defaultConfigurationIsVisible = 0;
			defaultConfigurationName = Release;
		};
		B7EDC9F223CD46620075EC19 /* Build configuration list for PBXNativeTarget "GHFollowers" */ = {
			isa = XCConfigurationList;
			buildConfigurations = (
				B7EDC9F323CD46620075EC19 /* Debug */,
				B7EDC9F423CD46620075EC19 /* Release */,
			);
			defaultConfigurationIsVisible = 0;
			defaultConfigurationName = Release;
		};
/* End XCConfigurationList section */
	};
	rootObject = B7EDC9D623CD465F0075EC19 /* Project object */;
}
